// !$*UTF8*$!
{
	archiveVersion = 1;
	classes = {
	};
	objectVersion = 60;
	objects = {

/* Begin PBXBuildFile section */
		43608BFF2C84E3AB00960C96 /* PortfolioApp.swift in Sources */ = {isa = PBXBuildFile; fileRef = 43608BFE2C84E3AB00960C96 /* PortfolioApp.swift */; };
		43608C052C84E3AC00960C96 /* Assets.xcassets in Resources */ = {isa = PBXBuildFile; fileRef = 43608C042C84E3AC00960C96 /* Assets.xcassets */; };
		43608C092C84E3AC00960C96 /* Preview Assets.xcassets in Resources */ = {isa = PBXBuildFile; fileRef = 43608C082C84E3AC00960C96 /* Preview Assets.xcassets */; };
		43608C132C84E3AC00960C96 /* PortfolioTests.swift in Sources */ = {isa = PBXBuildFile; fileRef = 43608C122C84E3AC00960C96 /* PortfolioTests.swift */; };
		43608C1D2C84E3AC00960C96 /* PortfolioUITests.swift in Sources */ = {isa = PBXBuildFile; fileRef = 43608C1C2C84E3AC00960C96 /* PortfolioUITests.swift */; };
		43608C1F2C84E3AC00960C96 /* PortfolioUITestsLaunchTests.swift in Sources */ = {isa = PBXBuildFile; fileRef = 43608C1E2C84E3AC00960C96 /* PortfolioUITestsLaunchTests.swift */; };
		43608C2E2C84E40500960C96 /* GeminiService.swift in Sources */ = {isa = PBXBuildFile; fileRef = 43608C2D2C84E40500960C96 /* GeminiService.swift */; };
		43E3DCD12C86429B00444235 /* GenAiResponseModel.swift in Sources */ = {isa = PBXBuildFile; fileRef = 43E3DCD02C86429B00444235 /* GenAiResponseModel.swift */; };
		43E3DCD42C86432A00444235 /* GenAiResponseEntryModel.swift in Sources */ = {isa = PBXBuildFile; fileRef = 43E3DCD32C86432A00444235 /* GenAiResponseEntryModel.swift */; };
		43E3DCD62C86436100444235 /* GenAiResponseRepositoryProtocol.Swift in Sources */ = {isa = PBXBuildFile; fileRef = 43E3DCD52C86436100444235 /* GenAiResponseRepositoryProtocol.Swift */; };
		43E3DCD82C8643D500444235 /* GenAiResponseRepository.swift in Sources */ = {isa = PBXBuildFile; fileRef = 43E3DCD72C8643D500444235 /* GenAiResponseRepository.swift */; };
		43E8B4B12C862DFF00C3C16F /* ArchitectureDomainGuidance.swift in Sources */ = {isa = PBXBuildFile; fileRef = 43E8B4B02C862DFF00C3C16F /* ArchitectureDomainGuidance.swift */; };
		43E8B4B32C862E7C00C3C16F /* ArchitectureDataGuidance.swift in Sources */ = {isa = PBXBuildFile; fileRef = 43E8B4B22C862E7C00C3C16F /* ArchitectureDataGuidance.swift */; };
		43E8B4B52C862F0600C3C16F /* ArchitecturePresentationGuidance.swift in Sources */ = {isa = PBXBuildFile; fileRef = 43E8B4B42C862F0600C3C16F /* ArchitecturePresentationGuidance.swift */; };
		43E8B4B82C86303600C3C16F /* GenAiPromptModel.swift in Sources */ = {isa = PBXBuildFile; fileRef = 43E8B4B72C86303600C3C16F /* GenAiPromptModel.swift */; };
		43E8B4BD2C86308400C3C16F /* GenAiDataSource.swift in Sources */ = {isa = PBXBuildFile; fileRef = 43E8B4BC2C86308400C3C16F /* GenAiDataSource.swift */; };
		43E8B4C12C86313000C3C16F /* GenAiView.swift in Sources */ = {isa = PBXBuildFile; fileRef = 43E8B4C02C86313000C3C16F /* GenAiView.swift */; };
		43E8B4C32C86313E00C3C16F /* GenAiViewModel.swift in Sources */ = {isa = PBXBuildFile; fileRef = 43E8B4C22C86313E00C3C16F /* GenAiViewModel.swift */; };
		43E8B4C52C8631BE00C3C16F /* ArchitectureCoreGuidance.swift in Sources */ = {isa = PBXBuildFile; fileRef = 43E8B4C42C8631BE00C3C16F /* ArchitectureCoreGuidance.swift */; };
		43E8B4CB2C86355700C3C16F /* GenAiDataSoureProtocol.swift in Sources */ = {isa = PBXBuildFile; fileRef = 43E8B4CA2C86355700C3C16F /* GenAiDataSoureProtocol.swift */; };
		43E8B4D02C8638E200C3C16F /* GenAiGetResponseUseCase.swift in Sources */ = {isa = PBXBuildFile; fileRef = 43E8B4CF2C8638E200C3C16F /* GenAiGetResponseUseCase.swift */; };
		43F0379D2C84E7C60057958B /* Networking in Frameworks */ = {isa = PBXBuildFile; productRef = 43F0379C2C84E7C60057958B /* Networking */; };
		43F037A02C84E7D90057958B /* GoogleGenerativeAI in Frameworks */ = {isa = PBXBuildFile; productRef = 43F0379F2C84E7D90057958B /* GoogleGenerativeAI */; };
/* End PBXBuildFile section */

/* Begin PBXContainerItemProxy section */
		43608C0F2C84E3AC00960C96 /* PBXContainerItemProxy */ = {
			isa = PBXContainerItemProxy;
			containerPortal = 43608BF32C84E3AB00960C96 /* Project object */;
			proxyType = 1;
			remoteGlobalIDString = 43608BFA2C84E3AB00960C96;
			remoteInfo = Portfolio;
		};
		43608C192C84E3AC00960C96 /* PBXContainerItemProxy */ = {
			isa = PBXContainerItemProxy;
			containerPortal = 43608BF32C84E3AB00960C96 /* Project object */;
			proxyType = 1;
			remoteGlobalIDString = 43608BFA2C84E3AB00960C96;
			remoteInfo = Portfolio;
		};
/* End PBXContainerItemProxy section */

/* Begin PBXFileReference section */
		43608BFB2C84E3AB00960C96 /* Portfolio.app */ = {isa = PBXFileReference; explicitFileType = wrapper.application; includeInIndex = 0; path = Portfolio.app; sourceTree = BUILT_PRODUCTS_DIR; };
		43608BFE2C84E3AB00960C96 /* PortfolioApp.swift */ = {isa = PBXFileReference; lastKnownFileType = sourcecode.swift; path = PortfolioApp.swift; sourceTree = "<group>"; };
		43608C042C84E3AC00960C96 /* Assets.xcassets */ = {isa = PBXFileReference; lastKnownFileType = folder.assetcatalog; path = Assets.xcassets; sourceTree = "<group>"; };
		43608C062C84E3AC00960C96 /* Portfolio.entitlements */ = {isa = PBXFileReference; lastKnownFileType = text.plist.entitlements; path = Portfolio.entitlements; sourceTree = "<group>"; };
		43608C082C84E3AC00960C96 /* Preview Assets.xcassets */ = {isa = PBXFileReference; lastKnownFileType = folder.assetcatalog; path = "Preview Assets.xcassets"; sourceTree = "<group>"; };
		43608C0E2C84E3AC00960C96 /* PortfolioTests.xctest */ = {isa = PBXFileReference; explicitFileType = wrapper.cfbundle; includeInIndex = 0; path = PortfolioTests.xctest; sourceTree = BUILT_PRODUCTS_DIR; };
		43608C122C84E3AC00960C96 /* PortfolioTests.swift */ = {isa = PBXFileReference; lastKnownFileType = sourcecode.swift; path = PortfolioTests.swift; sourceTree = "<group>"; };
		43608C182C84E3AC00960C96 /* PortfolioUITests.xctest */ = {isa = PBXFileReference; explicitFileType = wrapper.cfbundle; includeInIndex = 0; path = PortfolioUITests.xctest; sourceTree = BUILT_PRODUCTS_DIR; };
		43608C1C2C84E3AC00960C96 /* PortfolioUITests.swift */ = {isa = PBXFileReference; lastKnownFileType = sourcecode.swift; path = PortfolioUITests.swift; sourceTree = "<group>"; };
		43608C1E2C84E3AC00960C96 /* PortfolioUITestsLaunchTests.swift */ = {isa = PBXFileReference; lastKnownFileType = sourcecode.swift; path = PortfolioUITestsLaunchTests.swift; sourceTree = "<group>"; };
		43608C2B2C84E3E500960C96 /* Config.xcconfig */ = {isa = PBXFileReference; fileEncoding = 4; lastKnownFileType = text.xcconfig; path = Config.xcconfig; sourceTree = "<group>"; };
		43608C2D2C84E40500960C96 /* GeminiService.swift */ = {isa = PBXFileReference; fileEncoding = 4; lastKnownFileType = sourcecode.swift; path = GeminiService.swift; sourceTree = "<group>"; };
		43E3DCD02C86429B00444235 /* GenAiResponseModel.swift */ = {isa = PBXFileReference; lastKnownFileType = sourcecode.swift; path = GenAiResponseModel.swift; sourceTree = "<group>"; };
		43E3DCD32C86432A00444235 /* GenAiResponseEntryModel.swift */ = {isa = PBXFileReference; lastKnownFileType = sourcecode.swift; path = GenAiResponseEntryModel.swift; sourceTree = "<group>"; };
		43E3DCD52C86436100444235 /* GenAiResponseRepositoryProtocol.Swift */ = {isa = PBXFileReference; lastKnownFileType = sourcecode.swift; path = GenAiResponseRepositoryProtocol.Swift; sourceTree = "<group>"; };
		43E3DCD72C8643D500444235 /* GenAiResponseRepository.swift */ = {isa = PBXFileReference; lastKnownFileType = sourcecode.swift; path = GenAiResponseRepository.swift; sourceTree = "<group>"; };
		43E8B4A02C84F0CA00C3C16F /* Info.plist */ = {isa = PBXFileReference; lastKnownFileType = text.plist.xml; path = Info.plist; sourceTree = "<group>"; };
		43E8B4B02C862DFF00C3C16F /* ArchitectureDomainGuidance.swift */ = {isa = PBXFileReference; lastKnownFileType = sourcecode.swift; path = ArchitectureDomainGuidance.swift; sourceTree = "<group>"; };
		43E8B4B22C862E7C00C3C16F /* ArchitectureDataGuidance.swift */ = {isa = PBXFileReference; lastKnownFileType = sourcecode.swift; path = ArchitectureDataGuidance.swift; sourceTree = "<group>"; };
		43E8B4B42C862F0600C3C16F /* ArchitecturePresentationGuidance.swift */ = {isa = PBXFileReference; lastKnownFileType = sourcecode.swift; path = ArchitecturePresentationGuidance.swift; sourceTree = "<group>"; };
		43E8B4B72C86303600C3C16F /* GenAiPromptModel.swift */ = {isa = PBXFileReference; lastKnownFileType = sourcecode.swift; path = GenAiPromptModel.swift; sourceTree = "<group>"; };
		43E8B4BC2C86308400C3C16F /* GenAiDataSource.swift */ = {isa = PBXFileReference; lastKnownFileType = sourcecode.swift; path = GenAiDataSource.swift; sourceTree = "<group>"; };
		43E8B4C02C86313000C3C16F /* GenAiView.swift */ = {isa = PBXFileReference; lastKnownFileType = sourcecode.swift; path = GenAiView.swift; sourceTree = "<group>"; };
		43E8B4C22C86313E00C3C16F /* GenAiViewModel.swift */ = {isa = PBXFileReference; lastKnownFileType = sourcecode.swift; path = GenAiViewModel.swift; sourceTree = "<group>"; };
		43E8B4C42C8631BE00C3C16F /* ArchitectureCoreGuidance.swift */ = {isa = PBXFileReference; lastKnownFileType = sourcecode.swift; path = ArchitectureCoreGuidance.swift; sourceTree = "<group>"; };
		43E8B4CA2C86355700C3C16F /* GenAiDataSoureProtocol.swift */ = {isa = PBXFileReference; lastKnownFileType = sourcecode.swift; path = GenAiDataSoureProtocol.swift; sourceTree = "<group>"; };
		43E8B4CF2C8638E200C3C16F /* GenAiGetResponseUseCase.swift */ = {isa = PBXFileReference; lastKnownFileType = sourcecode.swift; path = GenAiGetResponseUseCase.swift; sourceTree = "<group>"; };
/* End PBXFileReference section */

/* Begin PBXFrameworksBuildPhase section */
		43608BF82C84E3AB00960C96 /* Frameworks */ = {
			isa = PBXFrameworksBuildPhase;
			buildActionMask = 2147483647;
			files = (
				43F0379D2C84E7C60057958B /* Networking in Frameworks */,
				43F037A02C84E7D90057958B /* GoogleGenerativeAI in Frameworks */,
			);
			runOnlyForDeploymentPostprocessing = 0;
		};
		43608C0B2C84E3AC00960C96 /* Frameworks */ = {
			isa = PBXFrameworksBuildPhase;
			buildActionMask = 2147483647;
			files = (
			);
			runOnlyForDeploymentPostprocessing = 0;
		};
		43608C152C84E3AC00960C96 /* Frameworks */ = {
			isa = PBXFrameworksBuildPhase;
			buildActionMask = 2147483647;
			files = (
			);
			runOnlyForDeploymentPostprocessing = 0;
		};
/* End PBXFrameworksBuildPhase section */

/* Begin PBXGroup section */
		43608BF22C84E3AB00960C96 = {
			isa = PBXGroup;
			children = (
				43608BFD2C84E3AB00960C96 /* Portfolio */,
				43E8B4AD2C854DA200C3C16F /* Tests */,
				43608BFC2C84E3AB00960C96 /* Products */,
				43608C312C84E49700960C96 /* Frameworks */,
			);
			sourceTree = "<group>";
		};
		43608BFC2C84E3AB00960C96 /* Products */ = {
			isa = PBXGroup;
			children = (
				43608BFB2C84E3AB00960C96 /* Portfolio.app */,
				43608C0E2C84E3AC00960C96 /* PortfolioTests.xctest */,
				43608C182C84E3AC00960C96 /* PortfolioUITests.xctest */,
			);
			name = Products;
			sourceTree = "<group>";
		};
		43608BFD2C84E3AB00960C96 /* Portfolio */ = {
			isa = PBXGroup;
			children = (
				43E8B4A12C84F9CD00C3C16F /* Core */,
				43E8B4A32C84FA4000C3C16F /* Domain */,
				43E8B4A22C84F9FB00C3C16F /* Presentation */,
				43E8B4A52C84FA5200C3C16F /* Data */,
			);
			path = Portfolio;
			sourceTree = "<group>";
		};
		43608C072C84E3AC00960C96 /* Preview Content */ = {
			isa = PBXGroup;
			children = (
				43608C082C84E3AC00960C96 /* Preview Assets.xcassets */,
			);
			path = "Preview Content";
			sourceTree = "<group>";
		};
		43608C112C84E3AC00960C96 /* PortfolioUnitTests */ = {
			isa = PBXGroup;
			children = (
				43608C122C84E3AC00960C96 /* PortfolioTests.swift */,
			);
			path = PortfolioUnitTests;
			sourceTree = "<group>";
		};
		43608C1B2C84E3AC00960C96 /* PortfolioUITests */ = {
			isa = PBXGroup;
			children = (
				43608C1C2C84E3AC00960C96 /* PortfolioUITests.swift */,
				43608C1E2C84E3AC00960C96 /* PortfolioUITestsLaunchTests.swift */,
			);
			path = PortfolioUITests;
			sourceTree = "<group>";
		};
		43608C312C84E49700960C96 /* Frameworks */ = {
			isa = PBXGroup;
			children = (
			);
			name = Frameworks;
			sourceTree = "<group>";
		};
		43E3DCCF2C86425B00444235 /* Data */ = {
			isa = PBXGroup;
			children = (
				43E8B4BC2C86308400C3C16F /* GenAiDataSource.swift */,
			);
			path = Data;
			sourceTree = "<group>";
		};
		43E3DCD22C8642D400444235 /* Repository */ = {
			isa = PBXGroup;
			children = (
				43E3DCD72C8643D500444235 /* GenAiResponseRepository.swift */,
			);
			path = Repository;
			sourceTree = "<group>";
		};
		43E8B4A12C84F9CD00C3C16F /* Core */ = {
			isa = PBXGroup;
			children = (
				43E8B4C42C8631BE00C3C16F /* ArchitectureCoreGuidance.swift */,
				43E8B4A02C84F0CA00C3C16F /* Info.plist */,
				43608C2B2C84E3E500960C96 /* Config.xcconfig */,
				43608BFE2C84E3AB00960C96 /* PortfolioApp.swift */,
				43608C062C84E3AC00960C96 /* Portfolio.entitlements */,
				43E8B4A72C84FA6600C3C16F /* Resources */,
			);
			path = Core;
			sourceTree = "<group>";
		};
		43E8B4A22C84F9FB00C3C16F /* Presentation */ = {
			isa = PBXGroup;
			children = (
				43E8B4B42C862F0600C3C16F /* ArchitecturePresentationGuidance.swift */,
				43E8B4A82C84FAF200C3C16F /* GenAi */,
			);
			path = Presentation;
			sourceTree = "<group>";
		};
		43E8B4A32C84FA4000C3C16F /* Domain */ = {
			isa = PBXGroup;
			children = (
				43E8B4B02C862DFF00C3C16F /* ArchitectureDomainGuidance.swift */,
				43E8B4B62C862FEF00C3C16F /* GenAi */,
			);
			path = Domain;
			sourceTree = "<group>";
		};
		43E8B4A52C84FA5200C3C16F /* Data */ = {
			isa = PBXGroup;
			children = (
				43E8B4C82C86352C00C3C16F /* GenAi */,
				43E8B4B22C862E7C00C3C16F /* ArchitectureDataGuidance.swift */,
				43E8B4AB2C84FB5000C3C16F /* Network */,
			);
			path = Data;
			sourceTree = "<group>";
		};
		43E8B4A72C84FA6600C3C16F /* Resources */ = {
			isa = PBXGroup;
			children = (
				43608C072C84E3AC00960C96 /* Preview Content */,
				43608C042C84E3AC00960C96 /* Assets.xcassets */,
			);
			path = Resources;
			sourceTree = "<group>";
		};
		43E8B4A82C84FAF200C3C16F /* GenAi */ = {
			isa = PBXGroup;
			children = (
				43E8B4A92C84FB0400C3C16F /* View */,
				43E8B4AA2C84FB1000C3C16F /* ViewModel */,
			);
			path = GenAi;
			sourceTree = "<group>";
		};
		43E8B4A92C84FB0400C3C16F /* View */ = {
			isa = PBXGroup;
			children = (
				43E8B4C02C86313000C3C16F /* GenAiView.swift */,
			);
			path = View;
			sourceTree = "<group>";
		};
		43E8B4AA2C84FB1000C3C16F /* ViewModel */ = {
			isa = PBXGroup;
			children = (
				43E8B4C22C86313E00C3C16F /* GenAiViewModel.swift */,
			);
			path = ViewModel;
			sourceTree = "<group>";
		};
		43E8B4AB2C84FB5000C3C16F /* Network */ = {
			isa = PBXGroup;
			children = (
				43608C2D2C84E40500960C96 /* GeminiService.swift */,
			);
			path = Network;
			sourceTree = "<group>";
		};
		43E8B4AD2C854DA200C3C16F /* Tests */ = {
			isa = PBXGroup;
			children = (
				43608C112C84E3AC00960C96 /* PortfolioUnitTests */,
				43608C1B2C84E3AC00960C96 /* PortfolioUITests */,
			);
			path = Tests;
			sourceTree = "<group>";
		};
		43E8B4B62C862FEF00C3C16F /* GenAi */ = {
			isa = PBXGroup;
			children = (
				43E8B4BB2C86305800C3C16F /* UseCase */,
				43E8B4B92C86303E00C3C16F /* Model */,
				43E8B4BA2C86304800C3C16F /* Repository */,
			);
			path = GenAi;
			sourceTree = "<group>";
		};
		43E8B4B92C86303E00C3C16F /* Model */ = {
			isa = PBXGroup;
			children = (
				43E3DCD02C86429B00444235 /* GenAiResponseModel.swift */,
				43E8B4B72C86303600C3C16F /* GenAiPromptModel.swift */,
				43E3DCD32C86432A00444235 /* GenAiResponseEntryModel.swift */,
			);
			path = Model;
			sourceTree = "<group>";
		};
		43E8B4BA2C86304800C3C16F /* Repository */ = {
			isa = PBXGroup;
			children = (
			);
			path = Repository;
			sourceTree = "<group>";
		};
		43E8B4BB2C86305800C3C16F /* UseCase */ = {
			isa = PBXGroup;
			children = (
				43E8B4CF2C8638E200C3C16F /* GenAiGetResponseUseCase.swift */,
			);
			path = UseCase;
			sourceTree = "<group>";
		};
		43E8B4C82C86352C00C3C16F /* GenAi */ = {
			isa = PBXGroup;
			children = (
				43E3DCD22C8642D400444235 /* Repository */,
				43E3DCCF2C86425B00444235 /* Data */,
				43E8B4C92C86353C00C3C16F /* Protocol */,
			);
			path = GenAi;
			sourceTree = "<group>";
		};
		43E8B4C92C86353C00C3C16F /* Protocol */ = {
			isa = PBXGroup;
			children = (
				43E8B4CA2C86355700C3C16F /* GenAiDataSoureProtocol.swift */,
				43E3DCD52C86436100444235 /* GenAiResponseRepositoryProtocol.Swift */,
			);
			path = Protocol;
			sourceTree = "<group>";
		};
/* End PBXGroup section */

/* Begin PBXNativeTarget section */
		43608BFA2C84E3AB00960C96 /* Portfolio */ = {
			isa = PBXNativeTarget;
			buildConfigurationList = 43608C222C84E3AC00960C96 /* Build configuration list for PBXNativeTarget "Portfolio" */;
			buildPhases = (
				43608BF72C84E3AB00960C96 /* Sources */,
				43608BF82C84E3AB00960C96 /* Frameworks */,
				43608BF92C84E3AB00960C96 /* Resources */,
			);
			buildRules = (
			);
			dependencies = (
			);
			name = Portfolio;
			packageProductDependencies = (
				43F0379C2C84E7C60057958B /* Networking */,
				43F0379F2C84E7D90057958B /* GoogleGenerativeAI */,
			);
			productName = Portfolio;
			productReference = 43608BFB2C84E3AB00960C96 /* Portfolio.app */;
			productType = "com.apple.product-type.application";
		};
		43608C0D2C84E3AC00960C96 /* PortfolioTests */ = {
			isa = PBXNativeTarget;
			buildConfigurationList = 43608C252C84E3AC00960C96 /* Build configuration list for PBXNativeTarget "PortfolioTests" */;
			buildPhases = (
				43608C0A2C84E3AC00960C96 /* Sources */,
				43608C0B2C84E3AC00960C96 /* Frameworks */,
				43608C0C2C84E3AC00960C96 /* Resources */,
			);
			buildRules = (
			);
			dependencies = (
				43608C102C84E3AC00960C96 /* PBXTargetDependency */,
			);
			name = PortfolioTests;
			productName = PortfolioTests;
			productReference = 43608C0E2C84E3AC00960C96 /* PortfolioTests.xctest */;
			productType = "com.apple.product-type.bundle.unit-test";
		};
		43608C172C84E3AC00960C96 /* PortfolioUITests */ = {
			isa = PBXNativeTarget;
			buildConfigurationList = 43608C282C84E3AC00960C96 /* Build configuration list for PBXNativeTarget "PortfolioUITests" */;
			buildPhases = (
				43608C142C84E3AC00960C96 /* Sources */,
				43608C152C84E3AC00960C96 /* Frameworks */,
				43608C162C84E3AC00960C96 /* Resources */,
			);
			buildRules = (
			);
			dependencies = (
				43608C1A2C84E3AC00960C96 /* PBXTargetDependency */,
			);
			name = PortfolioUITests;
			productName = PortfolioUITests;
			productReference = 43608C182C84E3AC00960C96 /* PortfolioUITests.xctest */;
			productType = "com.apple.product-type.bundle.ui-testing";
		};
/* End PBXNativeTarget section */

/* Begin PBXProject section */
		43608BF32C84E3AB00960C96 /* Project object */ = {
			isa = PBXProject;
			attributes = {
				BuildIndependentTargetsInParallel = 1;
				LastSwiftUpdateCheck = 1540;
				LastUpgradeCheck = 1540;
				TargetAttributes = {
					43608BFA2C84E3AB00960C96 = {
						CreatedOnToolsVersion = 15.4;
					};
					43608C0D2C84E3AC00960C96 = {
						CreatedOnToolsVersion = 15.4;
						TestTargetID = 43608BFA2C84E3AB00960C96;
					};
					43608C172C84E3AC00960C96 = {
						CreatedOnToolsVersion = 15.4;
						TestTargetID = 43608BFA2C84E3AB00960C96;
					};
				};
			};
			buildConfigurationList = 43608BF62C84E3AB00960C96 /* Build configuration list for PBXProject "Portfolio" */;
			compatibilityVersion = "Xcode 14.0";
			developmentRegion = en;
			hasScannedForEncodings = 0;
			knownRegions = (
				en,
				Base,
			);
			mainGroup = 43608BF22C84E3AB00960C96;
			packageReferences = (
				43F0379B2C84E7C60057958B /* XCLocalSwiftPackageReference "../Networking" */,
				43F0379E2C84E7D90057958B /* XCRemoteSwiftPackageReference "generative-ai-swift" */,
			);
			productRefGroup = 43608BFC2C84E3AB00960C96 /* Products */;
			projectDirPath = "";
			projectRoot = "";
			targets = (
				43608BFA2C84E3AB00960C96 /* Portfolio */,
				43608C0D2C84E3AC00960C96 /* PortfolioTests */,
				43608C172C84E3AC00960C96 /* PortfolioUITests */,
			);
		};
/* End PBXProject section */

/* Begin PBXResourcesBuildPhase section */
		43608BF92C84E3AB00960C96 /* Resources */ = {
			isa = PBXResourcesBuildPhase;
			buildActionMask = 2147483647;
			files = (
				43608C092C84E3AC00960C96 /* Preview Assets.xcassets in Resources */,
				43608C052C84E3AC00960C96 /* Assets.xcassets in Resources */,
			);
			runOnlyForDeploymentPostprocessing = 0;
		};
		43608C0C2C84E3AC00960C96 /* Resources */ = {
			isa = PBXResourcesBuildPhase;
			buildActionMask = 2147483647;
			files = (
			);
			runOnlyForDeploymentPostprocessing = 0;
		};
		43608C162C84E3AC00960C96 /* Resources */ = {
			isa = PBXResourcesBuildPhase;
			buildActionMask = 2147483647;
			files = (
			);
			runOnlyForDeploymentPostprocessing = 0;
		};
/* End PBXResourcesBuildPhase section */

/* Begin PBXSourcesBuildPhase section */
		43608BF72C84E3AB00960C96 /* Sources */ = {
			isa = PBXSourcesBuildPhase;
			buildActionMask = 2147483647;
			files = (
				43E8B4C12C86313000C3C16F /* GenAiView.swift in Sources */,
				43E8B4C32C86313E00C3C16F /* GenAiViewModel.swift in Sources */,
				43E8B4B52C862F0600C3C16F /* ArchitecturePresentationGuidance.swift in Sources */,
				43E3DCD12C86429B00444235 /* GenAiResponseModel.swift in Sources */,
				43E8B4B32C862E7C00C3C16F /* ArchitectureDataGuidance.swift in Sources */,
				43E8B4BD2C86308400C3C16F /* GenAiDataSource.swift in Sources */,
				43E8B4B12C862DFF00C3C16F /* ArchitectureDomainGuidance.swift in Sources */,
				43608C2E2C84E40500960C96 /* GeminiService.swift in Sources */,
				43E8B4CB2C86355700C3C16F /* GenAiDataSoureProtocol.swift in Sources */,
				43E8B4C52C8631BE00C3C16F /* ArchitectureCoreGuidance.swift in Sources */,
				43E3DCD62C86436100444235 /* GenAiResponseRepositoryProtocol.Swift in Sources */,
				43E3DCD82C8643D500444235 /* GenAiResponseRepository.swift in Sources */,
				43E8B4D02C8638E200C3C16F /* GenAiGetResponseUseCase.swift in Sources */,
				43608BFF2C84E3AB00960C96 /* PortfolioApp.swift in Sources */,
				43E3DCD42C86432A00444235 /* GenAiResponseEntryModel.swift in Sources */,
				43E8B4B82C86303600C3C16F /* GenAiPromptModel.swift in Sources */,
			);
			runOnlyForDeploymentPostprocessing = 0;
		};
		43608C0A2C84E3AC00960C96 /* Sources */ = {
			isa = PBXSourcesBuildPhase;
			buildActionMask = 2147483647;
			files = (
				43608C132C84E3AC00960C96 /* PortfolioTests.swift in Sources */,
			);
			runOnlyForDeploymentPostprocessing = 0;
		};
		43608C142C84E3AC00960C96 /* Sources */ = {
			isa = PBXSourcesBuildPhase;
			buildActionMask = 2147483647;
			files = (
				43608C1D2C84E3AC00960C96 /* PortfolioUITests.swift in Sources */,
				43608C1F2C84E3AC00960C96 /* PortfolioUITestsLaunchTests.swift in Sources */,
			);
			runOnlyForDeploymentPostprocessing = 0;
		};
/* End PBXSourcesBuildPhase section */

/* Begin PBXTargetDependency section */
		43608C102C84E3AC00960C96 /* PBXTargetDependency */ = {
			isa = PBXTargetDependency;
			target = 43608BFA2C84E3AB00960C96 /* Portfolio */;
			targetProxy = 43608C0F2C84E3AC00960C96 /* PBXContainerItemProxy */;
		};
		43608C1A2C84E3AC00960C96 /* PBXTargetDependency */ = {
			isa = PBXTargetDependency;
			target = 43608BFA2C84E3AB00960C96 /* Portfolio */;
			targetProxy = 43608C192C84E3AC00960C96 /* PBXContainerItemProxy */;
		};
/* End PBXTargetDependency section */

/* Begin XCBuildConfiguration section */
		43608C202C84E3AC00960C96 /* Debug */ = {
			isa = XCBuildConfiguration;
			buildSettings = {
				ALWAYS_SEARCH_USER_PATHS = NO;
				ASSETCATALOG_COMPILER_GENERATE_SWIFT_ASSET_SYMBOL_EXTENSIONS = YES;
				CLANG_ANALYZER_NONNULL = YES;
				CLANG_ANALYZER_NUMBER_OBJECT_CONVERSION = YES_AGGRESSIVE;
				CLANG_CXX_LANGUAGE_STANDARD = "gnu++20";
				CLANG_ENABLE_MODULES = YES;
				CLANG_ENABLE_OBJC_ARC = YES;
				CLANG_ENABLE_OBJC_WEAK = YES;
				CLANG_WARN_BLOCK_CAPTURE_AUTORELEASING = YES;
				CLANG_WARN_BOOL_CONVERSION = YES;
				CLANG_WARN_COMMA = YES;
				CLANG_WARN_CONSTANT_CONVERSION = YES;
				CLANG_WARN_DEPRECATED_OBJC_IMPLEMENTATIONS = YES;
				CLANG_WARN_DIRECT_OBJC_ISA_USAGE = YES_ERROR;
				CLANG_WARN_DOCUMENTATION_COMMENTS = YES;
				CLANG_WARN_EMPTY_BODY = YES;
				CLANG_WARN_ENUM_CONVERSION = YES;
				CLANG_WARN_INFINITE_RECURSION = YES;
				CLANG_WARN_INT_CONVERSION = YES;
				CLANG_WARN_NON_LITERAL_NULL_CONVERSION = YES;
				CLANG_WARN_OBJC_IMPLICIT_RETAIN_SELF = YES;
				CLANG_WARN_OBJC_LITERAL_CONVERSION = YES;
				CLANG_WARN_OBJC_ROOT_CLASS = YES_ERROR;
				CLANG_WARN_QUOTED_INCLUDE_IN_FRAMEWORK_HEADER = YES;
				CLANG_WARN_RANGE_LOOP_ANALYSIS = YES;
				CLANG_WARN_STRICT_PROTOTYPES = YES;
				CLANG_WARN_SUSPICIOUS_MOVE = YES;
				CLANG_WARN_UNGUARDED_AVAILABILITY = YES_AGGRESSIVE;
				CLANG_WARN_UNREACHABLE_CODE = YES;
				CLANG_WARN__DUPLICATE_METHOD_MATCH = YES;
				COPY_PHASE_STRIP = NO;
				DEBUG_INFORMATION_FORMAT = dwarf;
				ENABLE_STRICT_OBJC_MSGSEND = YES;
				ENABLE_TESTABILITY = YES;
				ENABLE_USER_SCRIPT_SANDBOXING = YES;
				GCC_C_LANGUAGE_STANDARD = gnu17;
				GCC_DYNAMIC_NO_PIC = NO;
				GCC_NO_COMMON_BLOCKS = YES;
				GCC_OPTIMIZATION_LEVEL = 0;
				GCC_PREPROCESSOR_DEFINITIONS = (
					"DEBUG=1",
					"$(inherited)",
				);
				GCC_WARN_64_TO_32_BIT_CONVERSION = YES;
				GCC_WARN_ABOUT_RETURN_TYPE = YES_ERROR;
				GCC_WARN_UNDECLARED_SELECTOR = YES;
				GCC_WARN_UNINITIALIZED_AUTOS = YES_AGGRESSIVE;
				GCC_WARN_UNUSED_FUNCTION = YES;
				GCC_WARN_UNUSED_VARIABLE = YES;
				LOCALIZATION_PREFERS_STRING_CATALOGS = YES;
				MTL_ENABLE_DEBUG_INFO = INCLUDE_SOURCE;
				MTL_FAST_MATH = YES;
				ONLY_ACTIVE_ARCH = YES;
				SWIFT_ACTIVE_COMPILATION_CONDITIONS = "DEBUG $(inherited)";
				SWIFT_OPTIMIZATION_LEVEL = "-Onone";
			};
			name = Debug;
		};
		43608C212C84E3AC00960C96 /* Release */ = {
			isa = XCBuildConfiguration;
			buildSettings = {
				ALWAYS_SEARCH_USER_PATHS = NO;
				ASSETCATALOG_COMPILER_GENERATE_SWIFT_ASSET_SYMBOL_EXTENSIONS = YES;
				CLANG_ANALYZER_NONNULL = YES;
				CLANG_ANALYZER_NUMBER_OBJECT_CONVERSION = YES_AGGRESSIVE;
				CLANG_CXX_LANGUAGE_STANDARD = "gnu++20";
				CLANG_ENABLE_MODULES = YES;
				CLANG_ENABLE_OBJC_ARC = YES;
				CLANG_ENABLE_OBJC_WEAK = YES;
				CLANG_WARN_BLOCK_CAPTURE_AUTORELEASING = YES;
				CLANG_WARN_BOOL_CONVERSION = YES;
				CLANG_WARN_COMMA = YES;
				CLANG_WARN_CONSTANT_CONVERSION = YES;
				CLANG_WARN_DEPRECATED_OBJC_IMPLEMENTATIONS = YES;
				CLANG_WARN_DIRECT_OBJC_ISA_USAGE = YES_ERROR;
				CLANG_WARN_DOCUMENTATION_COMMENTS = YES;
				CLANG_WARN_EMPTY_BODY = YES;
				CLANG_WARN_ENUM_CONVERSION = YES;
				CLANG_WARN_INFINITE_RECURSION = YES;
				CLANG_WARN_INT_CONVERSION = YES;
				CLANG_WARN_NON_LITERAL_NULL_CONVERSION = YES;
				CLANG_WARN_OBJC_IMPLICIT_RETAIN_SELF = YES;
				CLANG_WARN_OBJC_LITERAL_CONVERSION = YES;
				CLANG_WARN_OBJC_ROOT_CLASS = YES_ERROR;
				CLANG_WARN_QUOTED_INCLUDE_IN_FRAMEWORK_HEADER = YES;
				CLANG_WARN_RANGE_LOOP_ANALYSIS = YES;
				CLANG_WARN_STRICT_PROTOTYPES = YES;
				CLANG_WARN_SUSPICIOUS_MOVE = YES;
				CLANG_WARN_UNGUARDED_AVAILABILITY = YES_AGGRESSIVE;
				CLANG_WARN_UNREACHABLE_CODE = YES;
				CLANG_WARN__DUPLICATE_METHOD_MATCH = YES;
				COPY_PHASE_STRIP = NO;
				DEBUG_INFORMATION_FORMAT = "dwarf-with-dsym";
				ENABLE_NS_ASSERTIONS = NO;
				ENABLE_STRICT_OBJC_MSGSEND = YES;
				ENABLE_USER_SCRIPT_SANDBOXING = YES;
				GCC_C_LANGUAGE_STANDARD = gnu17;
				GCC_NO_COMMON_BLOCKS = YES;
				GCC_WARN_64_TO_32_BIT_CONVERSION = YES;
				GCC_WARN_ABOUT_RETURN_TYPE = YES_ERROR;
				GCC_WARN_UNDECLARED_SELECTOR = YES;
				GCC_WARN_UNINITIALIZED_AUTOS = YES_AGGRESSIVE;
				GCC_WARN_UNUSED_FUNCTION = YES;
				GCC_WARN_UNUSED_VARIABLE = YES;
				LOCALIZATION_PREFERS_STRING_CATALOGS = YES;
				MTL_ENABLE_DEBUG_INFO = NO;
				MTL_FAST_MATH = YES;
				SWIFT_COMPILATION_MODE = wholemodule;
			};
			name = Release;
		};
		43608C232C84E3AC00960C96 /* Debug */ = {
			isa = XCBuildConfiguration;
			baseConfigurationReference = 43608C2B2C84E3E500960C96 /* Config.xcconfig */;
			buildSettings = {
				ASSETCATALOG_COMPILER_APPICON_NAME = AppIcon;
				ASSETCATALOG_COMPILER_GLOBAL_ACCENT_COLOR_NAME = AccentColor;
				CODE_SIGN_ENTITLEMENTS = Portfolio/Core/Portfolio.entitlements;
				CODE_SIGN_STYLE = Automatic;
				CURRENT_PROJECT_VERSION = 1;
				DEVELOPMENT_ASSET_PATHS = "\"Portfolio/Core/Resources/Preview Content\"";
				DEVELOPMENT_TEAM = XYT8W494HF;
				ENABLE_HARDENED_RUNTIME = YES;
				ENABLE_PREVIEWS = YES;
				GENERATE_INFOPLIST_FILE = YES;
				INFOPLIST_FILE = Portfolio/Core/Info.plist;
				"INFOPLIST_KEY_UIApplicationSceneManifest_Generation[sdk=iphoneos*]" = YES;
				"INFOPLIST_KEY_UIApplicationSceneManifest_Generation[sdk=iphonesimulator*]" = YES;
				"INFOPLIST_KEY_UIApplicationSupportsIndirectInputEvents[sdk=iphoneos*]" = YES;
				"INFOPLIST_KEY_UIApplicationSupportsIndirectInputEvents[sdk=iphonesimulator*]" = YES;
				"INFOPLIST_KEY_UILaunchScreen_Generation[sdk=iphoneos*]" = YES;
				"INFOPLIST_KEY_UILaunchScreen_Generation[sdk=iphonesimulator*]" = YES;
				"INFOPLIST_KEY_UIStatusBarStyle[sdk=iphoneos*]" = UIStatusBarStyleDefault;
				"INFOPLIST_KEY_UIStatusBarStyle[sdk=iphonesimulator*]" = UIStatusBarStyleDefault;
				INFOPLIST_KEY_UISupportedInterfaceOrientations_iPad = "UIInterfaceOrientationPortrait UIInterfaceOrientationPortraitUpsideDown UIInterfaceOrientationLandscapeLeft UIInterfaceOrientationLandscapeRight";
				INFOPLIST_KEY_UISupportedInterfaceOrientations_iPhone = "UIInterfaceOrientationPortrait UIInterfaceOrientationLandscapeLeft UIInterfaceOrientationLandscapeRight";
				IPHONEOS_DEPLOYMENT_TARGET = 17.5;
				LD_RUNPATH_SEARCH_PATHS = "@executable_path/Frameworks";
				"LD_RUNPATH_SEARCH_PATHS[sdk=macosx*]" = "@executable_path/../Frameworks";
				MACOSX_DEPLOYMENT_TARGET = 14.0;
				MARKETING_VERSION = 1.0;
				PRODUCT_BUNDLE_IDENTIFIER = com.rockiesgrizzly.portfolio.Portfolio;
				PRODUCT_NAME = "$(TARGET_NAME)";
				SDKROOT = auto;
				SUPPORTED_PLATFORMS = "iphoneos iphonesimulator macosx";
				SWIFT_EMIT_LOC_STRINGS = YES;
				SWIFT_VERSION = 5.0;
				TARGETED_DEVICE_FAMILY = "1,2";
			};
			name = Debug;
		};
		43608C242C84E3AC00960C96 /* Release */ = {
			isa = XCBuildConfiguration;
			baseConfigurationReference = 43608C2B2C84E3E500960C96 /* Config.xcconfig */;
			buildSettings = {
				ASSETCATALOG_COMPILER_APPICON_NAME = AppIcon;
				ASSETCATALOG_COMPILER_GLOBAL_ACCENT_COLOR_NAME = AccentColor;
				CODE_SIGN_ENTITLEMENTS = Portfolio/Core/Portfolio.entitlements;
				CODE_SIGN_STYLE = Automatic;
				CURRENT_PROJECT_VERSION = 1;
				DEVELOPMENT_ASSET_PATHS = "\"Portfolio/Core/Resources/Preview Content\"";
				DEVELOPMENT_TEAM = XYT8W494HF;
				ENABLE_HARDENED_RUNTIME = YES;
				ENABLE_PREVIEWS = YES;
				GENERATE_INFOPLIST_FILE = YES;
				INFOPLIST_FILE = Portfolio/Core/Info.plist;
				"INFOPLIST_KEY_UIApplicationSceneManifest_Generation[sdk=iphoneos*]" = YES;
				"INFOPLIST_KEY_UIApplicationSceneManifest_Generation[sdk=iphonesimulator*]" = YES;
				"INFOPLIST_KEY_UIApplicationSupportsIndirectInputEvents[sdk=iphoneos*]" = YES;
				"INFOPLIST_KEY_UIApplicationSupportsIndirectInputEvents[sdk=iphonesimulator*]" = YES;
				"INFOPLIST_KEY_UILaunchScreen_Generation[sdk=iphoneos*]" = YES;
				"INFOPLIST_KEY_UILaunchScreen_Generation[sdk=iphonesimulator*]" = YES;
				"INFOPLIST_KEY_UIStatusBarStyle[sdk=iphoneos*]" = UIStatusBarStyleDefault;
				"INFOPLIST_KEY_UIStatusBarStyle[sdk=iphonesimulator*]" = UIStatusBarStyleDefault;
				INFOPLIST_KEY_UISupportedInterfaceOrientations_iPad = "UIInterfaceOrientationPortrait UIInterfaceOrientationPortraitUpsideDown UIInterfaceOrientationLandscapeLeft UIInterfaceOrientationLandscapeRight";
				INFOPLIST_KEY_UISupportedInterfaceOrientations_iPhone = "UIInterfaceOrientationPortrait UIInterfaceOrientationLandscapeLeft UIInterfaceOrientationLandscapeRight";
				IPHONEOS_DEPLOYMENT_TARGET = 17.5;
				LD_RUNPATH_SEARCH_PATHS = "@executable_path/Frameworks";
				"LD_RUNPATH_SEARCH_PATHS[sdk=macosx*]" = "@executable_path/../Frameworks";
				MACOSX_DEPLOYMENT_TARGET = 14.0;
				MARKETING_VERSION = 1.0;
				PRODUCT_BUNDLE_IDENTIFIER = com.rockiesgrizzly.portfolio.Portfolio;
				PRODUCT_NAME = "$(TARGET_NAME)";
				SDKROOT = auto;
				SUPPORTED_PLATFORMS = "iphoneos iphonesimulator macosx";
				SWIFT_EMIT_LOC_STRINGS = YES;
				SWIFT_VERSION = 5.0;
				TARGETED_DEVICE_FAMILY = "1,2";
			};
			name = Release;
		};
		43608C262C84E3AC00960C96 /* Debug */ = {
			isa = XCBuildConfiguration;
			baseConfigurationReference = 43608C2B2C84E3E500960C96 /* Config.xcconfig */;
			buildSettings = {
				ALWAYS_EMBED_SWIFT_STANDARD_LIBRARIES = YES;
				BUNDLE_LOADER = "$(TEST_HOST)";
				CODE_SIGN_STYLE = Automatic;
				CURRENT_PROJECT_VERSION = 1;
				DEVELOPMENT_TEAM = XYT8W494HF;
				GENERATE_INFOPLIST_FILE = YES;
				IPHONEOS_DEPLOYMENT_TARGET = 17.5;
				MACOSX_DEPLOYMENT_TARGET = 14.5;
				MARKETING_VERSION = 1.0;
				PRODUCT_BUNDLE_IDENTIFIER = com.rockiesgrizzly.portfolio.PortfolioTests;
				PRODUCT_NAME = "$(TARGET_NAME)";
				SDKROOT = auto;
				SUPPORTED_PLATFORMS = "iphoneos iphonesimulator macosx";
				SWIFT_EMIT_LOC_STRINGS = NO;
				SWIFT_VERSION = 5.0;
				TARGETED_DEVICE_FAMILY = "1,2";
				TEST_HOST = "$(BUILT_PRODUCTS_DIR)/Portfolio.app/$(BUNDLE_EXECUTABLE_FOLDER_PATH)/Portfolio";
			};
			name = Debug;
		};
		43608C272C84E3AC00960C96 /* Release */ = {
			isa = XCBuildConfiguration;
			baseConfigurationReference = 43608C2B2C84E3E500960C96 /* Config.xcconfig */;
			buildSettings = {
				ALWAYS_EMBED_SWIFT_STANDARD_LIBRARIES = YES;
				BUNDLE_LOADER = "$(TEST_HOST)";
				CODE_SIGN_STYLE = Automatic;
				CURRENT_PROJECT_VERSION = 1;
				DEVELOPMENT_TEAM = XYT8W494HF;
				GENERATE_INFOPLIST_FILE = YES;
				IPHONEOS_DEPLOYMENT_TARGET = 17.5;
				MACOSX_DEPLOYMENT_TARGET = 14.5;
				MARKETING_VERSION = 1.0;
				PRODUCT_BUNDLE_IDENTIFIER = com.rockiesgrizzly.portfolio.PortfolioTests;
				PRODUCT_NAME = "$(TARGET_NAME)";
				SDKROOT = auto;
				SUPPORTED_PLATFORMS = "iphoneos iphonesimulator macosx";
				SWIFT_EMIT_LOC_STRINGS = NO;
				SWIFT_VERSION = 5.0;
				TARGETED_DEVICE_FAMILY = "1,2";
				TEST_HOST = "$(BUILT_PRODUCTS_DIR)/Portfolio.app/$(BUNDLE_EXECUTABLE_FOLDER_PATH)/Portfolio";
			};
			name = Release;
		};
		43608C292C84E3AC00960C96 /* Debug */ = {
			isa = XCBuildConfiguration;
			buildSettings = {
				ALWAYS_EMBED_SWIFT_STANDARD_LIBRARIES = YES;
				CODE_SIGN_STYLE = Automatic;
				CURRENT_PROJECT_VERSION = 1;
				DEVELOPMENT_TEAM = XYT8W494HF;
				GENERATE_INFOPLIST_FILE = YES;
				IPHONEOS_DEPLOYMENT_TARGET = 17.5;
				MACOSX_DEPLOYMENT_TARGET = 14.5;
				MARKETING_VERSION = 1.0;
				PRODUCT_BUNDLE_IDENTIFIER = com.rockiesgrizzly.portfolio.PortfolioUITests;
				PRODUCT_NAME = "$(TARGET_NAME)";
				SDKROOT = auto;
				SUPPORTED_PLATFORMS = "iphoneos iphonesimulator macosx";
				SWIFT_EMIT_LOC_STRINGS = NO;
				SWIFT_VERSION = 5.0;
				TARGETED_DEVICE_FAMILY = "1,2";
				TEST_TARGET_NAME = Portfolio;
			};
			name = Debug;
		};
		43608C2A2C84E3AC00960C96 /* Release */ = {
			isa = XCBuildConfiguration;
			buildSettings = {
				ALWAYS_EMBED_SWIFT_STANDARD_LIBRARIES = YES;
				CODE_SIGN_STYLE = Automatic;
				CURRENT_PROJECT_VERSION = 1;
				DEVELOPMENT_TEAM = XYT8W494HF;
				GENERATE_INFOPLIST_FILE = YES;
				IPHONEOS_DEPLOYMENT_TARGET = 17.5;
				MACOSX_DEPLOYMENT_TARGET = 14.5;
				MARKETING_VERSION = 1.0;
				PRODUCT_BUNDLE_IDENTIFIER = com.rockiesgrizzly.portfolio.PortfolioUITests;
				PRODUCT_NAME = "$(TARGET_NAME)";
				SDKROOT = auto;
				SUPPORTED_PLATFORMS = "iphoneos iphonesimulator macosx";
				SWIFT_EMIT_LOC_STRINGS = NO;
				SWIFT_VERSION = 5.0;
				TARGETED_DEVICE_FAMILY = "1,2";
				TEST_TARGET_NAME = Portfolio;
			};
			name = Release;
		};
/* End XCBuildConfiguration section */

/* Begin XCConfigurationList section */
		43608BF62C84E3AB00960C96 /* Build configuration list for PBXProject "Portfolio" */ = {
			isa = XCConfigurationList;
			buildConfigurations = (
				43608C202C84E3AC00960C96 /* Debug */,
				43608C212C84E3AC00960C96 /* Release */,
			);
			defaultConfigurationIsVisible = 0;
			defaultConfigurationName = Release;
		};
		43608C222C84E3AC00960C96 /* Build configuration list for PBXNativeTarget "Portfolio" */ = {
			isa = XCConfigurationList;
			buildConfigurations = (
				43608C232C84E3AC00960C96 /* Debug */,
				43608C242C84E3AC00960C96 /* Release */,
			);
			defaultConfigurationIsVisible = 0;
			defaultConfigurationName = Release;
		};
		43608C252C84E3AC00960C96 /* Build configuration list for PBXNativeTarget "PortfolioTests" */ = {
			isa = XCConfigurationList;
			buildConfigurations = (
				43608C262C84E3AC00960C96 /* Debug */,
				43608C272C84E3AC00960C96 /* Release */,
			);
			defaultConfigurationIsVisible = 0;
			defaultConfigurationName = Release;
		};
		43608C282C84E3AC00960C96 /* Build configuration list for PBXNativeTarget "PortfolioUITests" */ = {
			isa = XCConfigurationList;
			buildConfigurations = (
				43608C292C84E3AC00960C96 /* Debug */,
				43608C2A2C84E3AC00960C96 /* Release */,
			);
			defaultConfigurationIsVisible = 0;
			defaultConfigurationName = Release;
		};
/* End XCConfigurationList section */

/* Begin XCLocalSwiftPackageReference section */
		43F0379B2C84E7C60057958B /* XCLocalSwiftPackageReference "../Networking" */ = {
			isa = XCLocalSwiftPackageReference;
			relativePath = ../Networking;
		};
/* End XCLocalSwiftPackageReference section */

/* Begin XCRemoteSwiftPackageReference section */
		43F0379E2C84E7D90057958B /* XCRemoteSwiftPackageReference "generative-ai-swift" */ = {
			isa = XCRemoteSwiftPackageReference;
			repositoryURL = "https://github.com/google-gemini/generative-ai-swift.git";
			requirement = {
				kind = upToNextMajorVersion;
				minimumVersion = 0.5.6;
			};
		};
/* End XCRemoteSwiftPackageReference section */

/* Begin XCSwiftPackageProductDependency section */
		43F0379C2C84E7C60057958B /* Networking */ = {
			isa = XCSwiftPackageProductDependency;
			productName = Networking;
		};
		43F0379F2C84E7D90057958B /* GoogleGenerativeAI */ = {
			isa = XCSwiftPackageProductDependency;
			package = 43F0379E2C84E7D90057958B /* XCRemoteSwiftPackageReference "generative-ai-swift" */;
			productName = GoogleGenerativeAI;
		};
/* End XCSwiftPackageProductDependency section */
	};
	rootObject = 43608BF32C84E3AB00960C96 /* Project object */;
}
